// !$*UTF8*$!
{
	archiveVersion = 1;
	classes = {
	};
	objectVersion = 77;
	objects = {

/* Begin PBXContainerItemProxy section */
		B10000000000000000000020 /* PBXContainerItemProxy */ = {
			isa = PBXContainerItemProxy;
			containerPortal = B1000000000000000000000A /* Project object */;
			proxyType = 1;
			remoteGlobalIDString = B10000000000000000000006;
			remoteInfo = SevenSeg;
		};
/* End PBXContainerItemProxy section */

/* Begin PBXFileReference section */
		B10000000000000000000001 /* SevenSeg.app */ = {isa = PBXFileReference; explicitFileType = wrapper.application; includeInIndex = 0; path = SevenSeg.app; sourceTree = BUILT_PRODUCTS_DIR; };
		B10000000000000000000011 /* SevenSegTests.xctest */ = {isa = PBXFileReference; explicitFileType = wrapper.cfbundle; includeInIndex = 0; path = SevenSegTests.xctest; sourceTree = BUILT_PRODUCTS_DIR; };
/* End PBXFileReference section */

/* Begin PBXFileSystemSynchronizedBuildFileExceptionSet section */
		B10000000000000000000030 /* Exceptions for "SevenSeg" folder in "SevenSeg" target */ = {
			isa = PBXFileSystemSynchronizedBuildFileExceptionSet;
			membershipExceptions = (
				Info.plist,
			);
			target = B10000000000000000000006 /* SevenSeg */;
		};
/* End PBXFileSystemSynchronizedBuildFileExceptionSet section */

/* Begin PBXFileSystemSynchronizedRootGroup section */
		B10000000000000000000002 /* SevenSeg */ = {
			isa = PBXFileSystemSynchronizedRootGroup;
			exceptions = (
				B10000000000000000000030 /* Exceptions for "SevenSeg" folder in "SevenSeg" target */,
			);
			path = SevenSeg;
			sourceTree = "<group>";
		};
		B10000000000000000000012 /* SevenSegTests */ = {
			isa = PBXFileSystemSynchronizedRootGroup;
			path = SevenSegTests;
			sourceTree = "<group>";
		};
/* End PBXFileSystemSynchronizedRootGroup section */

/* Begin PBXFrameworksBuildPhase section */
		B10000000000000000000003 /* Frameworks */ = {
			isa = PBXFrameworksBuildPhase;
			buildActionMask = 2147483647;
			files = (
			);
			runOnlyForDeploymentPostprocessing = 0;
		};
		B10000000000000000000013 /* Frameworks */ = {
			isa = PBXFrameworksBuildPhase;
			buildActionMask = 2147483647;
			files = (
			);
			runOnlyForDeploymentPostprocessing = 0;
		};
/* End PBXFrameworksBuildPhase section */

/* Begin PBXGroup section */
		B10000000000000000000004 = {
			isa = PBXGroup;
			children = (
				B10000000000000000000002 /* SevenSeg */,
				B10000000000000000000012 /* SevenSegTests */,
				B10000000000000000000005 /* Products */,
			);
			sourceTree = "<group>";
		};
		B10000000000000000000005 /* Products */ = {
			isa = PBXGroup;
			children = (
				B10000000000000000000001 /* SevenSeg.app */,
				B10000000000000000000011 /* SevenSegTests.xctest */,
			);
			name = Products;
			sourceTree = "<group>";
		};
/* End PBXGroup section */

/* Begin PBXNativeTarget section */
		B10000000000000000000006 /* SevenSeg */ = {
			isa = PBXNativeTarget;
			buildConfigurationList = B10000000000000000000007 /* Build configuration list for PBXNativeTarget "SevenSeg" */;
			buildPhases = (
				B10000000000000000000008 /* Sources */,
				B10000000000000000000003 /* Frameworks */,
				B10000000000000000000009 /* Resources */,
			);
			buildRules = (
			);
			dependencies = (
			);
			fileSystemSynchronizedGroups = (
				B10000000000000000000002 /* SevenSeg */,
			);
			name = SevenSeg;
			packageProductDependencies = (
			);
			productName = SevenSeg;
			productReference = B10000000000000000000001 /* SevenSeg.app */;
			productType = "com.apple.product-type.application";
		};
		B10000000000000000000016 /* SevenSegTests */ = {
			isa = PBXNativeTarget;
			buildConfigurationList = B10000000000000000000017 /* Build configuration list for PBXNativeTarget "SevenSegTests" */;
			buildPhases = (
				B10000000000000000000018 /* Sources */,
				B10000000000000000000013 /* Frameworks */,
				B10000000000000000000019 /* Resources */,
			);
			buildRules = (
			);
			dependencies = (
				B10000000000000000000021 /* PBXTargetDependency */,
			);
			fileSystemSynchronizedGroups = (
				B10000000000000000000012 /* SevenSegTests */,
			);
			name = SevenSegTests;
			packageProductDependencies = (
			);
			productName = SevenSegTests;
			productReference = B10000000000000000000011 /* SevenSegTests.xctest */;
			productType = "com.apple.product-type.bundle.unit-test";
		};
/* End PBXNativeTarget section */

/* Begin PBXProject section */
		B1000000000000000000000A /* Project object */ = {
			isa = PBXProject;
			attributes = {
				BuildIndependentTargetsInParallel = 1;
				LastSwiftUpdateCheck = 2700;
				LastUpgradeCheck = 2700;
				TargetAttributes = {
					B10000000000000000000006 = {
						CreatedOnToolsVersion = 27.0;
					};
					B10000000000000000000016 = {
						CreatedOnToolsVersion = 27.0;
						TestTargetID = B10000000000000000000006;
					};
				};
			};
			buildConfigurationList = B1000000000000000000000B /* Build configuration list for PBXProject "SevenSeg" */;
			developmentRegion = en;
			hasScannedForEncodings = 0;
			knownRegions = (
				en,
				Base,
			);
			mainGroup = B10000000000000000000004;
			minimizedProjectReferenceProxies = 1;
			preferredProjectObjectVersion = 77;
			productRefGroup = B10000000000000000000005 /* Products */;
			projectDirPath = "";
			projectRoot = "";
			targets = (
				B10000000000000000000006 /* SevenSeg */,
				B10000000000000000000016 /* SevenSegTests */,
			);
		};
/* End PBXProject section */

/* Begin PBXResourcesBuildPhase section */
		B10000000000000000000009 /* Resources */ = {
			isa = PBXResourcesBuildPhase;
			buildActionMask = 2147483647;
			files = (
			);
			runOnlyForDeploymentPostprocessing = 0;
		};
		B10000000000000000000019 /* Resources */ = {
			isa = PBXResourcesBuildPhase;
			buildActionMask = 2147483647;
			files = (
			);
			runOnlyForDeploymentPostprocessing = 0;
		};
/* End PBXResourcesBuildPhase section */

/* Begin PBXSourcesBuildPhase section */
		B10000000000000000000008 /* Sources */ = {
			isa = PBXSourcesBuildPhase;
			buildActionMask = 2147483647;
			files = (
			);
			runOnlyForDeploymentPostprocessing = 0;
		};
		B10000000000000000000018 /* Sources */ = {
			isa = PBXSourcesBuildPhase;
			buildActionMask = 2147483647;
			files = (
			);
			runOnlyForDeploymentPostprocessing = 0;
		};
/* End PBXSourcesBuildPhase section */

/* Begin PBXTargetDependency section */
		B10000000000000000000021 /* PBXTargetDependency */ = {
			isa = PBXTargetDependency;
			target = B10000000000000000000006 /* SevenSeg */;
			targetProxy = B10000000000000000000020 /* PBXContainerItemProxy */;
		};
/* End PBXTargetDependency section */

/* Begin XCBuildConfiguration section */
		B1000000000000000000000C /* Debug */ = {
			isa = XCBuildConfiguration;
			buildSettings = {
				ALWAYS_SEARCH_USER_PATHS = NO;
				CLANG_ENABLE_MODULES = YES;
				DEBUG_INFORMATION_FORMAT = dwarf;
				ENABLE_TESTABILITY = YES;
				ENABLE_USER_SCRIPT_SANDBOXING = YES;
				GCC_OPTIMIZATION_LEVEL = 0;
				IPHONEOS_DEPLOYMENT_TARGET = 26.0;
				ONLY_ACTIVE_ARCH = YES;
				SDKROOT = iphoneos;
				SWIFT_ACTIVE_COMPILATION_CONDITIONS = "DEBUG $(inherited)";
				SWIFT_OPTIMIZATION_LEVEL = "-Onone";
				SWIFT_VERSION = 5.0;
			};
			name = Debug;
		};
		B1000000000000000000000D /* Release */ = {
			isa = XCBuildConfiguration;
			buildSettings = {
				ALWAYS_SEARCH_USER_PATHS = NO;
				CLANG_ENABLE_MODULES = YES;
				DEBUG_INFORMATION_FORMAT = "dwarf-with-dsym";
				ENABLE_USER_SCRIPT_SANDBOXING = YES;
				IPHONEOS_DEPLOYMENT_TARGET = 26.0;
				SDKROOT = iphoneos;
				SWIFT_COMPILATION_MODE = wholemodule;
				SWIFT_VERSION = 5.0;
				VALIDATE_PRODUCT = YES;
			};
			name = Release;
		};
		B1000000000000000000000E /* Debug */ = {
			isa = XCBuildConfiguration;
			buildSettings = {
				CODE_SIGN_STYLE = Automatic;
				CURRENT_PROJECT_VERSION = 1;
				DEVELOPMENT_TEAM = 42LC9M65RJ;
				GENERATE_INFOPLIST_FILE = YES;
				INFOPLIST_FILE = SevenSeg/Info.plist;
				INFOPLIST_KEY_CFBundleDisplayName = "7seg";
				INFOPLIST_KEY_NSSupportsLiveActivities = YES;
				INFOPLIST_KEY_UIApplicationSceneManifest_Generation = YES;
				INFOPLIST_KEY_UILaunchScreen_Generation = YES;
				INFOPLIST_KEY_UISupportedInterfaceOrientations = "UIInterfaceOrientationPortrait UIInterfaceOrientationLandscapeLeft UIInterfaceOrientationLandscapeRight";
				LD_RUNPATH_SEARCH_PATHS = (
					"$(inherited)",
					"@executable_path/Frameworks",
				);
				MARKETING_VERSION = 0.1;
				PRODUCT_BUNDLE_IDENTIFIER = com.osaravanja.sevenseg;
				PRODUCT_NAME = "$(TARGET_NAME)";
				SWIFT_EMIT_LOC_STRINGS = YES;
				TARGETED_DEVICE_FAMILY = 1;
			};
			name = Debug;
		};
		B1000000000000000000000F /* Release */ = {
			isa = XCBuildConfiguration;
			buildSettings = {
				CODE_SIGN_STYLE = Automatic;
				CURRENT_PROJECT_VERSION = 1;
				DEVELOPMENT_TEAM = 42LC9M65RJ;
				GENERATE_INFOPLIST_FILE = YES;
				INFOPLIST_FILE = SevenSeg/Info.plist;
				INFOPLIST_KEY_CFBundleDisplayName = "7seg";
				INFOPLIST_KEY_NSSupportsLiveActivities = YES;
				INFOPLIST_KEY_UIApplicationSceneManifest_Generation = YES;
				INFOPLIST_KEY_UILaunchScreen_Generation = YES;
				INFOPLIST_KEY_UISupportedInterfaceOrientations = "UIInterfaceOrientationPortrait UIInterfaceOrientationLandscapeLeft UIInterfaceOrientationLandscapeRight";
				LD_RUNPATH_SEARCH_PATHS = (
					"$(inherited)",
					"@executable_path/Frameworks",
				);
				MARKETING_VERSION = 0.1;
				PRODUCT_BUNDLE_IDENTIFIER = com.osaravanja.sevenseg;
				PRODUCT_NAME = "$(TARGET_NAME)";
				SWIFT_EMIT_LOC_STRINGS = YES;
				TARGETED_DEVICE_FAMILY = 1;
			};
			name = Release;
		};
		B1000000000000000000001A /* Debug */ = {
			isa = XCBuildConfiguration;
			buildSettings = {
				BUNDLE_LOADER = "$(TEST_HOST)";
				CODE_SIGN_STYLE = Automatic;
				DEVELOPMENT_TEAM = 42LC9M65RJ;
				GENERATE_INFOPLIST_FILE = YES;
				PRODUCT_BUNDLE_IDENTIFIER = com.osaravanja.sevenseg.tests;
				PRODUCT_NAME = "$(TARGET_NAME)";
				TARGETED_DEVICE_FAMILY = 1;
				TEST_HOST = "$(BUILT_PRODUCTS_DIR)/SevenSeg.app/$(BUNDLE_EXECUTABLE_FOLDER_PATH)/SevenSeg";
			};
			name = Debug;
		};
		B1000000000000000000001B /* Release */ = {
			isa = XCBuildConfiguration;
			buildSettings = {
				BUNDLE_LOADER = "$(TEST_HOST)";
				CODE_SIGN_STYLE = Automatic;
				DEVELOPMENT_TEAM = 42LC9M65RJ;
				GENERATE_INFOPLIST_FILE = YES;
				PRODUCT_BUNDLE_IDENTIFIER = com.osaravanja.sevenseg.tests;
				PRODUCT_NAME = "$(TARGET_NAME)";
				TARGETED_DEVICE_FAMILY = 1;
				TEST_HOST = "$(BUILT_PRODUCTS_DIR)/SevenSeg.app/$(BUNDLE_EXECUTABLE_FOLDER_PATH)/SevenSeg";
			};
			name = Release;
		};
/* End XCBuildConfiguration section */

/* Begin XCConfigurationList section */
		B10000000000000000000007 /* Build configuration list for PBXNativeTarget "SevenSeg" */ = {
			isa = XCConfigurationList;
			buildConfigurations = (
				B1000000000000000000000E /* Debug */,
				B1000000000000000000000F /* Release */,
			);
			defaultConfigurationIsVisible = 0;
			defaultConfigurationName = Release;
		};
		B1000000000000000000000B /* Build configuration list for PBXProject "SevenSeg" */ = {
			isa = XCConfigurationList;
			buildConfigurations = (
				B1000000000000000000000C /* Debug */,
				B1000000000000000000000D /* Release */,
			);
			defaultConfigurationIsVisible = 0;
			defaultConfigurationName = Release;
		};
		B10000000000000000000017 /* Build configuration list for PBXNativeTarget "SevenSegTests" */ = {
			isa = XCConfigurationList;
			buildConfigurations = (
				B1000000000000000000001A /* Debug */,
				B1000000000000000000001B /* Release */,
			);
			defaultConfigurationIsVisible = 0;
			defaultConfigurationName = Release;
		};
/* End XCConfigurationList section */
	};
	rootObject = B1000000000000000000000A /* Project object */;
}
